// !$*UTF8*$!
{
	archiveVersion = 1;
	classes = {
	};
	objectVersion = 55;
	objects = {

/* Begin PBXBuildFile section */
		9B26FE6B2872D3B900CF3E50 /* OnboardingCollectionViewCell.swift in Sources */ = {isa = PBXBuildFile; fileRef = 9B26FE6A2872D3B900CF3E50 /* OnboardingCollectionViewCell.swift */; };
		9B26FE6E2872D47500CF3E50 /* Slide.swift in Sources */ = {isa = PBXBuildFile; fileRef = 9B26FE6D2872D47500CF3E50 /* Slide.swift */; };
		9B26FE702872DAF700CF3E50 /* LoginViewController.swift in Sources */ = {isa = PBXBuildFile; fileRef = 9B26FE6F2872DAF700CF3E50 /* LoginViewController.swift */; };
		9B31B3452872B4AC00A44D4C /* AppDelegate.swift in Sources */ = {isa = PBXBuildFile; fileRef = 9B31B3442872B4AC00A44D4C /* AppDelegate.swift */; };
		9B31B3472872B4AC00A44D4C /* SceneDelegate.swift in Sources */ = {isa = PBXBuildFile; fileRef = 9B31B3462872B4AC00A44D4C /* SceneDelegate.swift */; };
		9B31B34C2872B4AC00A44D4C /* Main.storyboard in Resources */ = {isa = PBXBuildFile; fileRef = 9B31B34A2872B4AC00A44D4C /* Main.storyboard */; };
		9B31B34E2872B4AE00A44D4C /* Assets.xcassets in Resources */ = {isa = PBXBuildFile; fileRef = 9B31B34D2872B4AE00A44D4C /* Assets.xcassets */; };
		9B31B3512872B4AE00A44D4C /* LaunchScreen.storyboard in Resources */ = {isa = PBXBuildFile; fileRef = 9B31B34F2872B4AE00A44D4C /* LaunchScreen.storyboard */; };
		9B31B35A2872B68400A44D4C /* LoadingViewController.swift in Sources */ = {isa = PBXBuildFile; fileRef = 9B31B3592872B68400A44D4C /* LoadingViewController.swift */; };
		9B31B35D2872BFD800A44D4C /* Helper.swift in Sources */ = {isa = PBXBuildFile; fileRef = 9B31B35C2872BFD800A44D4C /* Helper.swift */; };
		9B31B35F2872C0CA00A44D4C /* Constants.swift in Sources */ = {isa = PBXBuildFile; fileRef = 9B31B35E2872C0CA00A44D4C /* Constants.swift */; };
		9BC796BF2872C3E4006C2120 /* SettingsViewController.swift in Sources */ = {isa = PBXBuildFile; fileRef = 9BC796BE2872C3E4006C2120 /* SettingsViewController.swift */; };
		9BC796C22872C5BE006C2120 /* PresenterManager.swift in Sources */ = {isa = PBXBuildFile; fileRef = 9BC796C12872C5BE006C2120 /* PresenterManager.swift */; };
		9BC796C42872CAED006C2120 /* OnboardingViewController.swift in Sources */ = {isa = PBXBuildFile; fileRef = 9BC796C32872CAED006C2120 /* OnboardingViewController.swift */; };
/* End PBXBuildFile section */

/* Begin PBXFileReference section */
		9B26FE6A2872D3B900CF3E50 /* OnboardingCollectionViewCell.swift */ = {isa = PBXFileReference; lastKnownFileType = sourcecode.swift; path = OnboardingCollectionViewCell.swift; sourceTree = "<group>"; };
		9B26FE6D2872D47500CF3E50 /* Slide.swift */ = {isa = PBXFileReference; lastKnownFileType = sourcecode.swift; path = Slide.swift; sourceTree = "<group>"; };
		9B26FE6F2872DAF700CF3E50 /* LoginViewController.swift */ = {isa = PBXFileReference; lastKnownFileType = sourcecode.swift; path = LoginViewController.swift; sourceTree = "<group>"; };
		9B31B3412872B4AC00A44D4C /* Swift_Trafel.app */ = {isa = PBXFileReference; explicitFileType = wrapper.application; includeInIndex = 0; path = Swift_Trafel.app; sourceTree = BUILT_PRODUCTS_DIR; };
		9B31B3442872B4AC00A44D4C /* AppDelegate.swift */ = {isa = PBXFileReference; lastKnownFileType = sourcecode.swift; path = AppDelegate.swift; sourceTree = "<group>"; };
		9B31B3462872B4AC00A44D4C /* SceneDelegate.swift */ = {isa = PBXFileReference; lastKnownFileType = sourcecode.swift; path = SceneDelegate.swift; sourceTree = "<group>"; };
		9B31B34B2872B4AC00A44D4C /* Base */ = {isa = PBXFileReference; lastKnownFileType = file.storyboard; name = Base; path = Base.lproj/Main.storyboard; sourceTree = "<group>"; };
		9B31B34D2872B4AE00A44D4C /* Assets.xcassets */ = {isa = PBXFileReference; lastKnownFileType = folder.assetcatalog; path = Assets.xcassets; sourceTree = "<group>"; };
		9B31B3502872B4AE00A44D4C /* Base */ = {isa = PBXFileReference; lastKnownFileType = file.storyboard; name = Base; path = Base.lproj/LaunchScreen.storyboard; sourceTree = "<group>"; };
		9B31B3522872B4AE00A44D4C /* Info.plist */ = {isa = PBXFileReference; lastKnownFileType = text.plist.xml; path = Info.plist; sourceTree = "<group>"; };
		9B31B3592872B68400A44D4C /* LoadingViewController.swift */ = {isa = PBXFileReference; lastKnownFileType = sourcecode.swift; path = LoadingViewController.swift; sourceTree = "<group>"; };
		9B31B35C2872BFD800A44D4C /* Helper.swift */ = {isa = PBXFileReference; lastKnownFileType = sourcecode.swift; path = Helper.swift; sourceTree = "<group>"; };
		9B31B35E2872C0CA00A44D4C /* Constants.swift */ = {isa = PBXFileReference; lastKnownFileType = sourcecode.swift; path = Constants.swift; sourceTree = "<group>"; };
		9BC796BE2872C3E4006C2120 /* SettingsViewController.swift */ = {isa = PBXFileReference; lastKnownFileType = sourcecode.swift; path = SettingsViewController.swift; sourceTree = "<group>"; };
		9BC796C12872C5BE006C2120 /* PresenterManager.swift */ = {isa = PBXFileReference; lastKnownFileType = sourcecode.swift; path = PresenterManager.swift; sourceTree = "<group>"; };
		9BC796C32872CAED006C2120 /* OnboardingViewController.swift */ = {isa = PBXFileReference; lastKnownFileType = sourcecode.swift; path = OnboardingViewController.swift; sourceTree = "<group>"; };
/* End PBXFileReference section */

/* Begin PBXFrameworksBuildPhase section */
		9B31B33E2872B4AC00A44D4C /* Frameworks */ = {
			isa = PBXFrameworksBuildPhase;
			buildActionMask = 2147483647;
			files = (
			);
			runOnlyForDeploymentPostprocessing = 0;
		};
/* End PBXFrameworksBuildPhase section */

/* Begin PBXGroup section */
		9B26FE692872D3A000CF3E50 /* Views */ = {
			isa = PBXGroup;
			children = (
				9B26FE6A2872D3B900CF3E50 /* OnboardingCollectionViewCell.swift */,
			);
			path = Views;
			sourceTree = "<group>";
		};
		9B26FE6C2872D46D00CF3E50 /* Models */ = {
			isa = PBXGroup;
			children = (
				9B26FE6D2872D47500CF3E50 /* Slide.swift */,
			);
			path = Models;
			sourceTree = "<group>";
		};
		9B31B3382872B4AC00A44D4C = {
			isa = PBXGroup;
			children = (
				9B31B3432872B4AC00A44D4C /* Swift_Trafel */,
				9B31B3422872B4AC00A44D4C /* Products */,
			);
			sourceTree = "<group>";
		};
		9B31B3422872B4AC00A44D4C /* Products */ = {
			isa = PBXGroup;
			children = (
				9B31B3412872B4AC00A44D4C /* Swift_Trafel.app */,
			);
			name = Products;
			sourceTree = "<group>";
		};
		9B31B3432872B4AC00A44D4C /* Swift_Trafel */ = {
			isa = PBXGroup;
			children = (
				9B26FE6C2872D46D00CF3E50 /* Models */,
				9B26FE692872D3A000CF3E50 /* Views */,
				9BC796C02872C5AD006C2120 /* Manager */,
				9B31B35B2872BFC800A44D4C /* helpers */,
				9B31B3582872B66800A44D4C /* Controllers */,
				9B31B3442872B4AC00A44D4C /* AppDelegate.swift */,
				9B31B3462872B4AC00A44D4C /* SceneDelegate.swift */,
				9B31B34A2872B4AC00A44D4C /* Main.storyboard */,
				9B31B34D2872B4AE00A44D4C /* Assets.xcassets */,
				9B31B34F2872B4AE00A44D4C /* LaunchScreen.storyboard */,
				9B31B3522872B4AE00A44D4C /* Info.plist */,
			);
			path = Swift_Trafel;
			sourceTree = "<group>";
		};
		9B31B3582872B66800A44D4C /* Controllers */ = {
			isa = PBXGroup;
			children = (
				9B31B3592872B68400A44D4C /* LoadingViewController.swift */,
				9BC796BE2872C3E4006C2120 /* SettingsViewController.swift */,
				9BC796C32872CAED006C2120 /* OnboardingViewController.swift */,
				9B26FE6F2872DAF700CF3E50 /* LoginViewController.swift */,
			);
			path = Controllers;
			sourceTree = "<group>";
		};
		9B31B35B2872BFC800A44D4C /* helpers */ = {
			isa = PBXGroup;
			children = (
				9B31B35C2872BFD800A44D4C /* Helper.swift */,
				9B31B35E2872C0CA00A44D4C /* Constants.swift */,
			);
			path = helpers;
			sourceTree = "<group>";
		};
		9BC796C02872C5AD006C2120 /* Manager */ = {
			isa = PBXGroup;
			children = (
				9BC796C12872C5BE006C2120 /* PresenterManager.swift */,
			);
			path = Manager;
			sourceTree = "<group>";
		};
/* End PBXGroup section */

/* Begin PBXNativeTarget section */
		9B31B3402872B4AC00A44D4C /* Swift_Trafel */ = {
			isa = PBXNativeTarget;
			buildConfigurationList = 9B31B3552872B4AE00A44D4C /* Build configuration list for PBXNativeTarget "Swift_Trafel" */;
			buildPhases = (
				9B31B33D2872B4AC00A44D4C /* Sources */,
				9B31B33E2872B4AC00A44D4C /* Frameworks */,
				9B31B33F2872B4AC00A44D4C /* Resources */,
			);
			buildRules = (
			);
			dependencies = (
			);
			name = Swift_Trafel;
			productName = Swift_Trafel;
			productReference = 9B31B3412872B4AC00A44D4C /* Swift_Trafel.app */;
			productType = "com.apple.product-type.application";
		};
/* End PBXNativeTarget section */

/* Begin PBXProject section */
		9B31B3392872B4AC00A44D4C /* Project object */ = {
			isa = PBXProject;
			attributes = {
				BuildIndependentTargetsInParallel = 1;
				LastSwiftUpdateCheck = 1340;
				LastUpgradeCheck = 1340;
				TargetAttributes = {
					9B31B3402872B4AC00A44D4C = {
						CreatedOnToolsVersion = 13.4.1;
					};
				};
			};
			buildConfigurationList = 9B31B33C2872B4AC00A44D4C /* Build configuration list for PBXProject "Swift_Trafel" */;
			compatibilityVersion = "Xcode 13.0";
			developmentRegion = en;
			hasScannedForEncodings = 0;
			knownRegions = (
				en,
				Base,
			);
			mainGroup = 9B31B3382872B4AC00A44D4C;
			productRefGroup = 9B31B3422872B4AC00A44D4C /* Products */;
			projectDirPath = "";
			projectRoot = "";
			targets = (
				9B31B3402872B4AC00A44D4C /* Swift_Trafel */,
			);
		};
/* End PBXProject section */

/* Begin PBXResourcesBuildPhase section */
		9B31B33F2872B4AC00A44D4C /* Resources */ = {
			isa = PBXResourcesBuildPhase;
			buildActionMask = 2147483647;
			files = (
				9B31B3512872B4AE00A44D4C /* LaunchScreen.storyboard in Resources */,
				9B31B34E2872B4AE00A44D4C /* Assets.xcassets in Resources */,
				9B31B34C2872B4AC00A44D4C /* Main.storyboard in Resources */,
			);
			runOnlyForDeploymentPostprocessing = 0;
		};
/* End PBXResourcesBuildPhase section */

/* Begin PBXSourcesBuildPhase section */
		9B31B33D2872B4AC00A44D4C /* Sources */ = {
			isa = PBXSourcesBuildPhase;
			buildActionMask = 2147483647;
			files = (
				9B31B35F2872C0CA00A44D4C /* Constants.swift in Sources */,
				9B31B3452872B4AC00A44D4C /* AppDelegate.swift in Sources */,
				9B31B3472872B4AC00A44D4C /* SceneDelegate.swift in Sources */,
				9BC796C42872CAED006C2120 /* OnboardingViewController.swift in Sources */,
				9B31B35A2872B68400A44D4C /* LoadingViewController.swift in Sources */,
				9B31B35D2872BFD800A44D4C /* Helper.swift in Sources */,
				9BC796C22872C5BE006C2120 /* PresenterManager.swift in Sources */,
				9BC796BF2872C3E4006C2120 /* SettingsViewController.swift in Sources */,
				9B26FE6B2872D3B900CF3E50 /* OnboardingCollectionViewCell.swift in Sources */,
				9B26FE6E2872D47500CF3E50 /* Slide.swift in Sources */,
				9B26FE702872DAF700CF3E50 /* LoginViewController.swift in Sources */,
			);
			runOnlyForDeploymentPostprocessing = 0;
		};
/* End PBXSourcesBuildPhase section */

/* Begin PBXVariantGroup section */
		9B31B34A2872B4AC00A44D4C /* Main.storyboard */ = {
			isa = PBXVariantGroup;
			children = (
				9B31B34B2872B4AC00A44D4C /* Base */,
			);
			name = Main.storyboard;
			sourceTree = "<group>";
		};
		9B31B34F2872B4AE00A44D4C /* LaunchScreen.storyboard */ = {
			isa = PBXVariantGroup;
			children = (
				9B31B3502872B4AE00A44D4C /* Base */,
			);
			name = LaunchScreen.storyboard;
			sourceTree = "<group>";
		};
/* End PBXVariantGroup section */

/* Begin XCBuildConfiguration section */
		9B31B3532872B4AE00A44D4C /* Debug */ = {
			isa = XCBuildConfiguration;
			buildSettings = {
				ALWAYS_SEARCH_USER_PATHS = NO;
				CLANG_ANALYZER_NONNULL = YES;
				CLANG_ANALYZER_NUMBER_OBJECT_CONVERSION = YES_AGGRESSIVE;
				CLANG_CXX_LANGUAGE_STANDARD = "gnu++17";
				CLANG_ENABLE_MODULES = YES;
				CLANG_ENABLE_OBJC_ARC = YES;
				CLANG_ENABLE_OBJC_WEAK = YES;
				CLANG_WARN_BLOCK_CAPTURE_AUTORELEASING = YES;
				CLANG_WARN_BOOL_CONVERSION = YES;
				CLANG_WARN_COMMA = YES;
				CLANG_WARN_CONSTANT_CONVERSION = YES;
				CLANG_WARN_DEPRECATED_OBJC_IMPLEMENTATIONS = YES;
				CLANG_WARN_DIRECT_OBJC_ISA_USAGE = YES_ERROR;
				CLANG_WARN_DOCUMENTATION_COMMENTS = YES;
				CLANG_WARN_EMPTY_BODY = YES;
				CLANG_WARN_ENUM_CONVERSION = YES;
				CLANG_WARN_INFINITE_RECURSION = YES;
				CLANG_WARN_INT_CONVERSION = YES;
				CLANG_WARN_NON_LITERAL_NULL_CONVERSION = YES;
				CLANG_WARN_OBJC_IMPLICIT_RETAIN_SELF = YES;
				CLANG_WARN_OBJC_LITERAL_CONVERSION = YES;
				CLANG_WARN_OBJC_ROOT_CLASS = YES_ERROR;
				CLANG_WARN_QUOTED_INCLUDE_IN_FRAMEWORK_HEADER = YES;
				CLANG_WARN_RANGE_LOOP_ANALYSIS = YES;
				CLANG_WARN_STRICT_PROTOTYPES = YES;
				CLANG_WARN_SUSPICIOUS_MOVE = YES;
				CLANG_WARN_UNGUARDED_AVAILABILITY = YES_AGGRESSIVE;
				CLANG_WARN_UNREACHABLE_CODE = YES;
				CLANG_WARN__DUPLICATE_METHOD_MATCH = YES;
				COPY_PHASE_STRIP = NO;
				DEBUG_INFORMATION_FORMAT = dwarf;
				ENABLE_STRICT_OBJC_MSGSEND = YES;
				ENABLE_TESTABILITY = YES;
				GCC_C_LANGUAGE_STANDARD = gnu11;
				GCC_DYNAMIC_NO_PIC = NO;
				GCC_NO_COMMON_BLOCKS = YES;
				GCC_OPTIMIZATION_LEVEL = 0;
				GCC_PREPROCESSOR_DEFINITIONS = (
					"DEBUG=1",
					"$(inherited)",
				);
				GCC_WARN_64_TO_32_BIT_CONVERSION = YES;
				GCC_WARN_ABOUT_RETURN_TYPE = YES_ERROR;
				GCC_WARN_UNDECLARED_SELECTOR = YES;
				GCC_WARN_UNINITIALIZED_AUTOS = YES_AGGRESSIVE;
				GCC_WARN_UNUSED_FUNCTION = YES;
				GCC_WARN_UNUSED_VARIABLE = YES;
				IPHONEOS_DEPLOYMENT_TARGET = 15.5;
				MTL_ENABLE_DEBUG_INFO = INCLUDE_SOURCE;
				MTL_FAST_MATH = YES;
				ONLY_ACTIVE_ARCH = YES;
				SDKROOT = iphoneos;
				SWIFT_ACTIVE_COMPILATION_CONDITIONS = DEBUG;
				SWIFT_OPTIMIZATION_LEVEL = "-Onone";
			};
			name = Debug;
		};
		9B31B3542872B4AE00A44D4C /* Release */ = {
			isa = XCBuildConfiguration;
			buildSettings = {
				ALWAYS_SEARCH_USER_PATHS = NO;
				CLANG_ANALYZER_NONNULL = YES;
				CLANG_ANALYZER_NUMBER_OBJECT_CONVERSION = YES_AGGRESSIVE;
				CLANG_CXX_LANGUAGE_STANDARD = "gnu++17";
				CLANG_ENABLE_MODULES = YES;
				CLANG_ENABLE_OBJC_ARC = YES;
				CLANG_ENABLE_OBJC_WEAK = YES;
				CLANG_WARN_BLOCK_CAPTURE_AUTORELEASING = YES;
				CLANG_WARN_BOOL_CONVERSION = YES;
				CLANG_WARN_COMMA = YES;
				CLANG_WARN_CONSTANT_CONVERSION = YES;
				CLANG_WARN_DEPRECATED_OBJC_IMPLEMENTATIONS = YES;
				CLANG_WARN_DIRECT_OBJC_ISA_USAGE = YES_ERROR;
				CLANG_WARN_DOCUMENTATION_COMMENTS = YES;
				CLANG_WARN_EMPTY_BODY = YES;
				CLANG_WARN_ENUM_CONVERSION = YES;
				CLANG_WARN_INFINITE_RECURSION = YES;
				CLANG_WARN_INT_CONVERSION = YES;
				CLANG_WARN_NON_LITERAL_NULL_CONVERSION = YES;
				CLANG_WARN_OBJC_IMPLICIT_RETAIN_SELF = YES;
				CLANG_WARN_OBJC_LITERAL_CONVERSION = YES;
				CLANG_WARN_OBJC_ROOT_CLASS = YES_ERROR;
				CLANG_WARN_QUOTED_INCLUDE_IN_FRAMEWORK_HEADER = YES;
				CLANG_WARN_RANGE_LOOP_ANALYSIS = YES;
				CLANG_WARN_STRICT_PROTOTYPES = YES;
				CLANG_WARN_SUSPICIOUS_MOVE = YES;
				CLANG_WARN_UNGUARDED_AVAILABILITY = YES_AGGRESSIVE;
				CLANG_WARN_UNREACHABLE_CODE = YES;
				CLANG_WARN__DUPLICATE_METHOD_MATCH = YES;
				COPY_PHASE_STRIP = NO;
				DEBUG_INFORMATION_FORMAT = "dwarf-with-dsym";
				ENABLE_NS_ASSERTIONS = NO;
				ENABLE_STRICT_OBJC_MSGSEND = YES;
				GCC_C_LANGUAGE_STANDARD = gnu11;
				GCC_NO_COMMON_BLOCKS = YES;
				GCC_WARN_64_TO_32_BIT_CONVERSION = YES;
				GCC_WARN_ABOUT_RETURN_TYPE = YES_ERROR;
				GCC_WARN_UNDECLARED_SELECTOR = YES;
				GCC_WARN_UNINITIALIZED_AUTOS = YES_AGGRESSIVE;
				GCC_WARN_UNUSED_FUNCTION = YES;
				GCC_WARN_UNUSED_VARIABLE = YES;
				IPHONEOS_DEPLOYMENT_TARGET = 15.5;
				MTL_ENABLE_DEBUG_INFO = NO;
				MTL_FAST_MATH = YES;
				SDKROOT = iphoneos;
				SWIFT_COMPILATION_MODE = wholemodule;
				SWIFT_OPTIMIZATION_LEVEL = "-O";
				VALIDATE_PRODUCT = YES;
			};
			name = Release;
		};
		9B31B3562872B4AE00A44D4C /* Debug */ = {
			isa = XCBuildConfiguration;
			buildSettings = {
				ASSETCATALOG_COMPILER_APPICON_NAME = AppIcon;
				ASSETCATALOG_COMPILER_GLOBAL_ACCENT_COLOR_NAME = AccentColor;
				CODE_SIGN_STYLE = Automatic;
				CURRENT_PROJECT_VERSION = 1;
				DEVELOPMENT_TEAM = JUG5Q2JKZC;
				GENERATE_INFOPLIST_FILE = YES;
				INFOPLIST_FILE = Swift_Trafel/Info.plist;
				INFOPLIST_KEY_UIApplicationSupportsIndirectInputEvents = YES;
				INFOPLIST_KEY_UILaunchStoryboardName = LaunchScreen;
				INFOPLIST_KEY_UIMainStoryboardFile = Main;
				INFOPLIST_KEY_UISupportedInterfaceOrientations_iPad = "UIInterfaceOrientationPortrait UIInterfaceOrientationPortraitUpsideDown UIInterfaceOrientationLandscapeLeft UIInterfaceOrientationLandscapeRight";
				INFOPLIST_KEY_UISupportedInterfaceOrientations_iPhone = "UIInterfaceOrientationPortrait UIInterfaceOrientationLandscapeLeft UIInterfaceOrientationLandscapeRight";
				LD_RUNPATH_SEARCH_PATHS = (
					"$(inherited)",
					"@executable_path/Frameworks",
				);
				MARKETING_VERSION = 1.0;
				PRODUCT_BUNDLE_IDENTIFIER = "com.app.swift.Swift-Trafel";
				PRODUCT_NAME = "$(TARGET_NAME)";
				SWIFT_EMIT_LOC_STRINGS = YES;
				SWIFT_VERSION = 5.0;
				TARGETED_DEVICE_FAMILY = "1,2";
			};
			name = Debug;
		};
		9B31B3572872B4AE00A44D4C /* Release */ = {
			isa = XCBuildConfiguration;
			buildSettings = {
				ASSETCATALOG_COMPILER_APPICON_NAME = AppIcon;
				ASSETCATALOG_COMPILER_GLOBAL_ACCENT_COLOR_NAME = AccentColor;
				CODE_SIGN_STYLE = Automatic;
				CURRENT_PROJECT_VERSION = 1;
				DEVELOPMENT_TEAM = JUG5Q2JKZC;
				GENERATE_INFOPLIST_FILE = YES;
				INFOPLIST_FILE = Swift_Trafel/Info.plist;
				INFOPLIST_KEY_UIApplicationSupportsIndirectInputEvents = YES;
				INFOPLIST_KEY_UILaunchStoryboardName = LaunchScreen;
				INFOPLIST_KEY_UIMainStoryboardFile = Main;
				INFOPLIST_KEY_UISupportedInterfaceOrientations_iPad = "UIInterfaceOrientationPortrait UIInterfaceOrientationPortraitUpsideDown UIInterfaceOrientationLandscapeLeft UIInterfaceOrientationLandscapeRight";
				INFOPLIST_KEY_UISupportedInterfaceOrientations_iPhone = "UIInterfaceOrientationPortrait UIInterfaceOrientationLandscapeLeft UIInterfaceOrientationLandscapeRight";
				LD_RUNPATH_SEARCH_PATHS = (
					"$(inherited)",
					"@executable_path/Frameworks",
				);
				MARKETING_VERSION = 1.0;
				PRODUCT_BUNDLE_IDENTIFIER = "com.app.swift.Swift-Trafel";
				PRODUCT_NAME = "$(TARGET_NAME)";
				SWIFT_EMIT_LOC_STRINGS = YES;
				SWIFT_VERSION = 5.0;
				TARGETED_DEVICE_FAMILY = "1,2";
			};
			name = Release;
		};
/* End XCBuildConfiguration section */

/* Begin XCConfigurationList section */
		9B31B33C2872B4AC00A44D4C /* Build configuration list for PBXProject "Swift_Trafel" */ = {
			isa = XCConfigurationList;
			buildConfigurations = (
				9B31B3532872B4AE00A44D4C /* Debug */,
				9B31B3542872B4AE00A44D4C /* Release */,
			);
			defaultConfigurationIsVisible = 0;
			defaultConfigurationName = Release;
		};
		9B31B3552872B4AE00A44D4C /* Build configuration list for PBXNativeTarget "Swift_Trafel" */ = {
			isa = XCConfigurationList;
			buildConfigurations = (
				9B31B3562872B4AE00A44D4C /* Debug */,
				9B31B3572872B4AE00A44D4C /* Release */,
			);
			defaultConfigurationIsVisible = 0;
			defaultConfigurationName = Release;
		};
/* End XCConfigurationList section */
	};
	rootObject = 9B31B3392872B4AC00A44D4C /* Project object */;
}
